schema: '2.0'
stages:
  preprocess:
    cmd: python src/preprocess.py
    deps:
    - path: data/churn_data.csv
      hash: md5
      md5: d1764482ebcd29329d80fbfb4781ad3f
      size: 94274
    - path: src/preprocess.py
      hash: md5
      md5: f12054d24469c2889dc9e6f049a03126
      size: 3038
    outs:
    - path: data/processed/X_test.csv
      hash: md5
      md5: 71b762a73c32792055429e542d0394f3
      size: 51356
    - path: data/processed/X_train.csv
      hash: md5
      md5: 63f0459ae4f3d2828828a33ba9c2c2f7
      size: 204779
    - path: data/processed/y_test.csv
      hash: md5
      md5: 32e3385823d7bcd25d1e744a2502c2c0
      size: 406
    - path: data/processed/y_train.csv
      hash: md5
      md5: 6aae75c3957ef13ac4d0597ef859d5ff
      size: 1606
  train:
    cmd: python src/train.py
    deps:
    - path: data/processed/X_train.csv
      hash: md5
      md5: 63f0459ae4f3d2828828a33ba9c2c2f7
      size: 204779
    - path: data/processed/y_train.csv
      hash: md5
      md5: 6aae75c3957ef13ac4d0597ef859d5ff
      size: 1606
    - path: src/train.py
      hash: md5
      md5: 68f6b4c83e315ac5f8feee6d5df2d815
      size: 2567
    outs:
    - path: metrics.json
      hash: md5
      md5: 0a52c1fcf61a6e06696b982066f1e730
      size: 105
    - path: models/model.pkl
      hash: md5
      md5: bc38765e4883734c6168ea322bf07c9e
      size: 140168
  evaluate:
    cmd: python src/evaluate.py
    deps:
    - path: data/processed/X_test.csv
      hash: md5
      md5: 71b762a73c32792055429e542d0394f3
      size: 51356
    - path: data/processed/y_test.csv
      hash: md5
      md5: 32e3385823d7bcd25d1e744a2502c2c0
      size: 406
    - path: models/model.pkl
      hash: md5
      md5: bc38765e4883734c6168ea322bf07c9e
      size: 140168
    - path: src/evaluate.py
      hash: md5
      md5: 04078554389877a4ce3186d3ff135c1c
      size: 2902
    outs:
    - path: plots/confusion_matrix.png
      hash: md5
      md5: 424b8ca697bdb326bd7942badcf94126
      size: 34141
